{
  "name": "training-lib-dep-experiment",
  "version": "1.0.0",
  "lockfileVersion": 3,
  "requires": true,
  "packages": {
    "": {
      "name": "training-lib-dep-experiment",
      "version": "1.0.0",
      "license": "MIT",
      "workspaces": [
        "./lib",
        "./dev",
        "./prod"
      ]
    },
    "dev": {
      "name": "@arnaud.buchholz/dev",
      "version": "1.0.0",
      "dependencies": {
        "@arnaud.buchholz/prod": "1.0.0"
      }
    },
    "node_modules/@arnaud.buchholz/dev": {
      "resolved": "dev",
      "link": true
    },
    "node_modules/@arnaud.buchholz/prod": {
      "resolved": "prod",
      "link": true
    },
    "prod": {
      "name": "@arnaud.buchholz/prod",
      "version": "1.0.0",
      "devDependencies": {
        "@arnaud.buchholz/dev": "1.0.0"
      }
    }
  }
}
